
Microsoft Visual Studio Solution File, Format Version 10.00
# Visual Studio 2008
Project("{8BC9CEB8-8B4A-11D0-8D11-00A0C91BC942}") = "2D_PORTFOLIO_V4", "2D_PORTFOLIO_V4\2D_PORTFOLIO_V4.vcproj", "{5414710C-B54C-48A1-883F-6F69B50D1191}"
EndProject
Global
	GlobalSection(SolutionConfigurationPlatforms) = preSolution
		Debug|Win32 = Debug|Win32
		Release|Win32 = Release|Win32
	EndGlobalSection
	GlobalSection(ProjectConfigurationPlatforms) = postSolution
		{5414710C-B54C-48A1-883F-6F69B50D1191}.Debug|Win32.ActiveCfg = Debug|Win32
		{5414710C-B54C-48A1-883F-6F69B50D1191}.Debug|Win32.Build.0 = Debug|Win32
		{5414710C-B54C-48A1-883F-6F69B50D1191}.Release|Win32.ActiveCfg = Release|Win32
		{5414710C-B54C-48A1-883F-6F69B50D1191}.Release|Win32.Build.0 = Release|Win32
	EndGlobalSection
	GlobalSection(SolutionProperties) = preSolution
		HideSolutionNode = FALSE
	EndGlobalSection
EndGlobal
