
Microsoft Visual Studio Solution File, Format Version 10.00
# Visual Studio 2008
Project("{8BC9CEB8-8B4A-11D0-8D11-00A0C91BC942}") = "2D_PORTFOLIO_V2", "2D_PORTFOLIO_V2\2D_PORTFOLIO_V2.vcproj", "{3E507A7E-793F-41AB-B8E5-9F9B1633DCBC}"
EndProject
Global
	GlobalSection(SolutionConfigurationPlatforms) = preSolution
		Debug|Win32 = Debug|Win32
		Release|Win32 = Release|Win32
	EndGlobalSection
	GlobalSection(ProjectConfigurationPlatforms) = postSolution
		{3E507A7E-793F-41AB-B8E5-9F9B1633DCBC}.Debug|Win32.ActiveCfg = Debug|Win32
		{3E507A7E-793F-41AB-B8E5-9F9B1633DCBC}.Debug|Win32.Build.0 = Debug|Win32
		{3E507A7E-793F-41AB-B8E5-9F9B1633DCBC}.Release|Win32.ActiveCfg = Release|Win32
		{3E507A7E-793F-41AB-B8E5-9F9B1633DCBC}.Release|Win32.Build.0 = Release|Win32
	EndGlobalSection
	GlobalSection(SolutionProperties) = preSolution
		HideSolutionNode = FALSE
	EndGlobalSection
EndGlobal
